dependencies:
  espressif/mdns:
    component_hash: 4e21149422be01c24d4b1d4dec64fa07d136d8c5d234e931f3ebf375cbde51a0
    source:
      service_url: https://api.components.espressif.com/
      type: service
    version: 1.5.2
  idf:
    component_hash: null
    source:
      type: idf
    version: 5.1.2
manifest_hash: 91f71223219e11e1ef2ae23b997b72df8f9510a8246b2178463c4d5c277fa04e
target: esp32
version: 1.0.0
