dependencies:
  chmorgan/esp-libhelix-mp3:
    component_hash: cbb76089dc2c5749f7b470e2e70aedc44c9da519e04eb9a67d4c7ec275229e53
    source:
      service_url: https://api.components.espressif.com/
      type: service
    version: 1.0.3
  espressif/bdc_motor:
    component_hash: 9292b605cfd390ff62225caa93e02700b86377e6a3156620192e4876dcf87b27
    source:
      service_url: https://api.components.espressif.com/
      type: service
    version: 0.1.0
  espressif/cbor:
    component_hash: 440f4ee4504841cc9b4f3a8ef755776a612ac9dace355514c68b999868f990ff
    source:
      service_url: https://api.components.espressif.com/
      type: service
    version: 0.6.0~1
  espressif/esp-dsp:
    component_hash: 417886c78976489d18e7b644e98b835c65e0e249a097acb96860a66593d66a2b
    source:
      service_url: https://api.components.espressif.com/
      type: service
    version: 1.6.2
  espressif/esp-modbus:
    component_hash: 5d5e90b9e55721a8a194b301ad8102d4affb647f47b74cd413ff7d1ce2c1169c
    source:
      service_url: https://api.components.espressif.com/
      type: service
    version: 1.0.18
  espressif/esp-serial-flasher:
    component_hash: dcc42a16712a1a636509cf0bf90e14032d7f2141784b533613b267b6aa318d52
    source:
      service_url: https://api.components.espressif.com/
      type: service
    version: 0.0.11
  espressif/esp-zboss-lib:
    component_hash: 321883d142421f65009972408287441794250057668a11abbdfd8bec77c3309a
    source:
      service_url: https://api.components.espressif.com/
      type: service
    version: 1.6.4
  espressif/esp-zigbee-lib:
    component_hash: 4b023e171bd89d9f6ee2bd9fa63e569c9cfc7f6885d849b566b88cbfcbd37176
    source:
      service_url: https://api.components.espressif.com/
      type: service
    version: 1.6.4
  espressif/esp_diag_data_store:
    component_hash: c1e5cf62f545d2b136db299f4df1b228b9840be5bc3410c9ad2d2a882b5c0d64
    source:
      service_url: https://api.components.espressif.com/
      type: service
    version: 1.0.2
  espressif/esp_diagnostics:
    component_hash: 5ea8e8da8217ed9ed778db3973139e726e17cd27ef5cf6429c787d19226c79f3
    source:
      service_url: https://api.components.espressif.com/
      type: service
    version: 1.2.1
  espressif/esp_insights:
    component_hash: cde250f24eca6825aed5060abb57183f58e2e0fd7dc12e69f83e9272ac63520a
    source:
      service_url: https://api.components.espressif.com/
      type: service
    version: 1.2.4
  espressif/esp_modem:
    component_hash: b541c3f5765d3ba062c0d004b9ca6da6d0af908293421c2dbe046c537fb2a011
    source:
      service_url: https://api.components.espressif.com/
      type: service
    version: 1.4.0
  espressif/esp_rainmaker:
    component_hash: 3ce075b9f8bdf4e67e8734127bca20ec159effdc5a0f9c590cd2ee36d3a1f250
    source:
      service_url: https://api.components.espressif.com/
      type: service
    version: 1.5.4
  espressif/esp_rcp_update:
    component_hash: c10afbd54a17f27eed880e61262b161656e6d36ad63376c307f9273e99d0abcd
    source:
      service_url: https://api.components.espressif.com/
      type: service
    version: 1.2.0
  espressif/esp_schedule:
    component_hash: e202a9c688f7f1ab601efb91d682e4bcfaebc508dcceee1a1e0a0d2d1ca75a26
    source:
      service_url: https://api.components.espressif.com/
      type: service
    version: 1.2.0
  espressif/esp_secure_cert_mgr:
    component_hash: 5d9175b416f751ba6a7cb35bdf092f0af85658ce06c4a592c7c541d8017ebeb9
    source:
      service_url: https://api.components.espressif.com/
      type: service
    version: 2.5.0
  espressif/jsmn:
    component_hash: d80350c41bbaa827c98a25b6072df00884e72f54885996fab4a4f0aebce6b6c3
    source:
      service_url: https://api.components.espressif.com/
      type: service
    version: 1.1.0
  espressif/json_generator:
    component_hash: 45033e1c199b13f1c8c1b544fb7d4e2df6a8e3071ebdcb1b22582b61a7974ff2
    source:
      service_url: https://api.components.espressif.com/
      type: service
    version: 1.1.2
  espressif/json_parser:
    component_hash: d74b81729ad06ec11ff5eb5b1b0d7df1d00e6027fc11471f4b139c70dcf1b1e4
    source:
      service_url: https://api.components.espressif.com/
      type: service
    version: 1.0.3
  espressif/libsodium:
    component_hash: 25b968723c584a2742ca36cebe5a7ef049c6767e059f7b1e1eec69946019025d
    source:
      service_url: https://api.components.espressif.com/
      type: service
    version: 1.0.20~2
  espressif/mdns:
    component_hash: 3ec0af5f6bce310512e90f482388d21cc7c0e99668172d2f895356165fc6f7c5
    source:
      service_url: https://api.components.espressif.com/
      type: service
    version: 1.8.2
  espressif/mpu6050:
    component_hash: d69219ccb141372b863c511749ffbeab28417ac71c205d7ed7030c308e1b6832
    source:
      service_url: https://api.components.espressif.com/
      type: service
    version: 1.2.0
  espressif/network_provisioning:
    component_hash: 21c45dd9cf570c12671e1678ddcfabe77471afa979bcff207a8478b45b58667a
    source:
      service_url: https://api.components.espressif.com/
      type: service
    version: 1.0.5
  espressif/pid_ctrl:
    component_hash: 22af0226d7adbea821e4c1a8c1fa5dad23c883eb7457e95e19342883a37c44a3
    source:
      service_url: https://api.components.espressif.com/
      type: service
    version: 0.2.0
  espressif/qrcode:
    component_hash: 3b493771bc5d6ad30cbf87c25bf784aada8a08c941504355b55d6b75518ed7bc
    source:
      service_url: https://api.components.espressif.com/
      type: service
    version: 0.1.0~2
  espressif/rmaker_common:
    component_hash: a3a1df881278d0351fc850b77792fe8a196ddd6dcacbea203d606329cc6a0239
    source:
      service_url: https://api.components.espressif.com/
      type: service
    version: 1.4.6
  idf:
    component_hash: null
    source:
      type: idf
    version: 5.1.2
  joltwallet/littlefs:
    component_hash: e1dbe782be5aa58e879fe9f22bee60e5ff68acbfe3793d92a2e730c27374c787
    source:
      service_url: https://api.components.espressif.com/
      type: service
    version: 1.19.2
manifest_hash: 8451d4443102d4525c61cf6a0e9c12300ff22d53dbd5b07d6b638cbe7cacb14b
target: esp32
version: 1.0.0
